
Microsoft Visual Studio Solution File, Format Version 12.00
# Visual Studio Version 17
VisualStudioVersion = 17.0.31903.59
MinimumVisualStudioVersion = 10.0.40219.1
Project("{2150E333-8FDC-42A3-9474-1A3956D46DE8}") = "src", "src", "{827E0CD3-B72D-47B6-A68D-7590B98EB39B}"
EndProject
Project("{FAE04EC0-301F-11D3-BF4B-00C04F79EFBC}") = "HizenLabs.Shared", "src\HizenLabs.Shared\HizenLabs.Shared.csproj", "{E79FF7C9-89E1-431A-AFE0-3638CFECFC67}"
EndProject
Project("{FAE04EC0-301F-11D3-BF4B-00C04F79EFBC}") = "HizenLabs.CodeGen", "src\HizenLabs.CodeGen\HizenLabs.CodeGen.csproj", "{72E1CBC3-36C5-4852-A0B2-20489C7474B2}"
EndProject
Project("{FAE04EC0-301F-11D3-BF4B-00C04F79EFBC}") = "HizenLabs.Bundler", "src\HizenLabs.Bundler\HizenLabs.Bundler.csproj", "{486AA224-F15C-48FF-842D-EE35C9036466}"
EndProject
Global
	GlobalSection(SolutionConfigurationPlatforms) = preSolution
		Release|Carbon = Release|Carbon
		Release|Oxide = Release|Oxide
		Staging|Carbon = Staging|Carbon
		Staging|Oxide = Staging|Oxide
	EndGlobalSection
	GlobalSection(ProjectConfigurationPlatforms) = postSolution
		{E79FF7C9-89E1-431A-AFE0-3638CFECFC67}.Release|Carbon.ActiveCfg = Release|Carbon
		{E79FF7C9-89E1-431A-AFE0-3638CFECFC67}.Release|Carbon.Build.0 = Release|Carbon
		{E79FF7C9-89E1-431A-AFE0-3638CFECFC67}.Release|Oxide.ActiveCfg = Release|Oxide
		{E79FF7C9-89E1-431A-AFE0-3638CFECFC67}.Release|Oxide.Build.0 = Release|Oxide
		{E79FF7C9-89E1-431A-AFE0-3638CFECFC67}.Staging|Carbon.ActiveCfg = Staging|Carbon
		{E79FF7C9-89E1-431A-AFE0-3638CFECFC67}.Staging|Carbon.Build.0 = Staging|Carbon
		{E79FF7C9-89E1-431A-AFE0-3638CFECFC67}.Staging|Oxide.ActiveCfg = Staging|Oxide
		{E79FF7C9-89E1-431A-AFE0-3638CFECFC67}.Staging|Oxide.Build.0 = Staging|Oxide
		{72E1CBC3-36C5-4852-A0B2-20489C7474B2}.Release|Carbon.ActiveCfg = Release|Carbon
		{72E1CBC3-36C5-4852-A0B2-20489C7474B2}.Release|Carbon.Build.0 = Release|Carbon
		{72E1CBC3-36C5-4852-A0B2-20489C7474B2}.Release|Oxide.ActiveCfg = Release|Oxide
		{72E1CBC3-36C5-4852-A0B2-20489C7474B2}.Release|Oxide.Build.0 = Release|Oxide
		{72E1CBC3-36C5-4852-A0B2-20489C7474B2}.Staging|Carbon.ActiveCfg = Staging|Carbon
		{72E1CBC3-36C5-4852-A0B2-20489C7474B2}.Staging|Carbon.Build.0 = Staging|Carbon
		{72E1CBC3-36C5-4852-A0B2-20489C7474B2}.Staging|Oxide.ActiveCfg = Staging|Oxide
		{72E1CBC3-36C5-4852-A0B2-20489C7474B2}.Staging|Oxide.Build.0 = Staging|Oxide
		{486AA224-F15C-48FF-842D-EE35C9036466}.Release|Carbon.ActiveCfg = Release|Carbon
		{486AA224-F15C-48FF-842D-EE35C9036466}.Release|Carbon.Build.0 = Release|Carbon
		{486AA224-F15C-48FF-842D-EE35C9036466}.Release|Oxide.ActiveCfg = Release|Oxide
		{486AA224-F15C-48FF-842D-EE35C9036466}.Release|Oxide.Build.0 = Release|Oxide
		{486AA224-F15C-48FF-842D-EE35C9036466}.Staging|Carbon.ActiveCfg = Staging|Carbon
		{486AA224-F15C-48FF-842D-EE35C9036466}.Staging|Carbon.Build.0 = Staging|Carbon
		{486AA224-F15C-48FF-842D-EE35C9036466}.Staging|Oxide.ActiveCfg = Staging|Oxide
		{486AA224-F15C-48FF-842D-EE35C9036466}.Staging|Oxide.Build.0 = Staging|Oxide
	EndGlobalSection
	GlobalSection(SolutionProperties) = preSolution
		HideSolutionNode = FALSE
	EndGlobalSection
	GlobalSection(NestedProjects) = preSolution
		{E79FF7C9-89E1-431A-AFE0-3638CFECFC67} = {827E0CD3-B72D-47B6-A68D-7590B98EB39B}
		{72E1CBC3-36C5-4852-A0B2-20489C7474B2} = {827E0CD3-B72D-47B6-A68D-7590B98EB39B}
		{486AA224-F15C-48FF-842D-EE35C9036466} = {827E0CD3-B72D-47B6-A68D-7590B98EB39B}
	EndGlobalSection
EndGlobal
