
Microsoft Visual Studio Solution File, Format Version 12.00
# Visual Studio Version 17
VisualStudioVersion = 17.0.31903.59
MinimumVisualStudioVersion = 10.0.40219.1
Project("{2150E333-8FDC-42A3-9474-1A3956D46DE8}") = "src", "src", "{827E0CD3-B72D-47B6-A68D-7590B98EB39B}"
EndProject
Project("{FAE04EC0-301F-11D3-BF4B-00C04F79EFBC}") = "HizenLabs.Shared", "src\HizenLabs.Shared\HizenLabs.Shared.csproj", "{E79FF7C9-89E1-431A-AFE0-3638CFECFC67}"
EndProject
Project("{FAE04EC0-301F-11D3-BF4B-00C04F79EFBC}") = "HizenLabs.CodeGen", "src\HizenLabs.CodeGen\HizenLabs.CodeGen.csproj", "{72E1CBC3-36C5-4852-A0B2-20489C7474B2}"
EndProject
Project("{FAE04EC0-301F-11D3-BF4B-00C04F79EFBC}") = "HizenLabs.Bundler", "src\HizenLabs.Bundler\HizenLabs.Bundler.csproj", "{486AA224-F15C-48FF-842D-EE35C9036466}"
EndProject
Project("{2150E333-8FDC-42A3-9474-1A3956D46DE8}") = "tests", "tests", "{0AB3BF05-4346-4AA6-1389-037BE0695223}"
EndProject
Project("{FAE04EC0-301F-11D3-BF4B-00C04F79EFBC}") = "HizenLabs.Bundler.Tests", "tests\HizenLabs.Bundler.Tests\HizenLabs.Bundler.Tests.csproj", "{4A746573-21C0-4083-8241-2E87F15D840E}"
EndProject
Project("{2150E333-8FDC-42A3-9474-1A3956D46DE8}") = "Solution Items", "Solution Items", "{63D23D55-EF82-49F4-9A8C-D378A3841AB5}"
	ProjectSection(SolutionItems) = preSolution
		.gitattributes = .gitattributes
		.gitignore = .gitignore
		CONTRIBUTING.md = CONTRIBUTING.md
		Directory.Build.props = Directory.Build.props
		Directory.Build.User.props = Directory.Build.User.props
		LICENSE = LICENSE
		README.md = README.md
	EndProjectSection
EndProject
Project("{2150E333-8FDC-42A3-9474-1A3956D46DE8}") = "docs", "docs", "{56506FBF-9232-4776-89B4-14AA162FD688}"
	ProjectSection(SolutionItems) = preSolution
		docs\authoring.md = docs\authoring.md
		docs\bundler-roadmap.md = docs\bundler-roadmap.md
		docs\transforms.md = docs\transforms.md
	EndProjectSection
EndProject
Project("{2150E333-8FDC-42A3-9474-1A3956D46DE8}") = "test-env", "test-env", "{D3CEE49E-59E6-4BD2-94CF-4DC1AE6EC90F}"
	ProjectSection(SolutionItems) = preSolution
		test-env\rebuild.ps1 = test-env\rebuild.ps1
		test-env\start.ps1 = test-env\start.ps1
		test-env\stop.ps1 = test-env\stop.ps1
		test-env\docker\.env.example = test-env\docker\.env.example
		test-env\docker\.gitignore = test-env\docker\.gitignore
		test-env\docker\build-install.sh = test-env\docker\build-install.sh
		test-env\docker\docker-compose.yml = test-env\docker\docker-compose.yml
		test-env\docker\Dockerfile = test-env\docker\Dockerfile
		test-env\docker\entrypoint.sh = test-env\docker\entrypoint.sh
		test-env\docker\README.md = test-env\docker\README.md
		test-env\docker\reset.ps1 = test-env\docker\reset.ps1
		test-env\docker\run-extra.sh = test-env\docker\run-extra.sh
		test-env\docker\status.ps1 = test-env\docker\status.ps1
	EndProjectSection
EndProject
Project("{2150E333-8FDC-42A3-9474-1A3956D46DE8}") = "fixtures", "fixtures", "{DB9773DD-3DF8-4035-A330-C91DF8F55287}"
	ProjectSection(SolutionItems) = preSolution
		tests\fixtures\sample\MyPlugin.cs = tests\fixtures\sample\MyPlugin.cs
		tests\fixtures\sample\shared\Formatter.cs = tests\fixtures\sample\shared\Formatter.cs
		tests\fixtures\sample\shared\Greeter.cs = tests\fixtures\sample\shared\Greeter.cs
		tests\fixtures\sample\shared\Unused.cs = tests\fixtures\sample\shared\Unused.cs
	EndProjectSection
EndProject
Global
	GlobalSection(SolutionConfigurationPlatforms) = preSolution
		Release|Carbon = Release|Carbon
		Release|Oxide = Release|Oxide
		Staging|Carbon = Staging|Carbon
		Staging|Oxide = Staging|Oxide
	EndGlobalSection
	GlobalSection(ProjectConfigurationPlatforms) = postSolution
		{E79FF7C9-89E1-431A-AFE0-3638CFECFC67}.Release|Carbon.ActiveCfg = Release|Carbon
		{E79FF7C9-89E1-431A-AFE0-3638CFECFC67}.Release|Carbon.Build.0 = Release|Carbon
		{E79FF7C9-89E1-431A-AFE0-3638CFECFC67}.Release|Oxide.ActiveCfg = Release|Oxide
		{E79FF7C9-89E1-431A-AFE0-3638CFECFC67}.Release|Oxide.Build.0 = Release|Oxide
		{E79FF7C9-89E1-431A-AFE0-3638CFECFC67}.Staging|Carbon.ActiveCfg = Staging|Carbon
		{E79FF7C9-89E1-431A-AFE0-3638CFECFC67}.Staging|Carbon.Build.0 = Staging|Carbon
		{E79FF7C9-89E1-431A-AFE0-3638CFECFC67}.Staging|Oxide.ActiveCfg = Staging|Oxide
		{E79FF7C9-89E1-431A-AFE0-3638CFECFC67}.Staging|Oxide.Build.0 = Staging|Oxide
		{72E1CBC3-36C5-4852-A0B2-20489C7474B2}.Release|Carbon.ActiveCfg = Release|Carbon
		{72E1CBC3-36C5-4852-A0B2-20489C7474B2}.Release|Carbon.Build.0 = Release|Carbon
		{72E1CBC3-36C5-4852-A0B2-20489C7474B2}.Release|Oxide.ActiveCfg = Release|Oxide
		{72E1CBC3-36C5-4852-A0B2-20489C7474B2}.Release|Oxide.Build.0 = Release|Oxide
		{72E1CBC3-36C5-4852-A0B2-20489C7474B2}.Staging|Carbon.ActiveCfg = Staging|Carbon
		{72E1CBC3-36C5-4852-A0B2-20489C7474B2}.Staging|Carbon.Build.0 = Staging|Carbon
		{72E1CBC3-36C5-4852-A0B2-20489C7474B2}.Staging|Oxide.ActiveCfg = Staging|Oxide
		{72E1CBC3-36C5-4852-A0B2-20489C7474B2}.Staging|Oxide.Build.0 = Staging|Oxide
		{486AA224-F15C-48FF-842D-EE35C9036466}.Release|Carbon.ActiveCfg = Release|Carbon
		{486AA224-F15C-48FF-842D-EE35C9036466}.Release|Carbon.Build.0 = Release|Carbon
		{486AA224-F15C-48FF-842D-EE35C9036466}.Release|Oxide.ActiveCfg = Release|Oxide
		{486AA224-F15C-48FF-842D-EE35C9036466}.Release|Oxide.Build.0 = Release|Oxide
		{486AA224-F15C-48FF-842D-EE35C9036466}.Staging|Carbon.ActiveCfg = Staging|Carbon
		{486AA224-F15C-48FF-842D-EE35C9036466}.Staging|Carbon.Build.0 = Staging|Carbon
		{486AA224-F15C-48FF-842D-EE35C9036466}.Staging|Oxide.ActiveCfg = Staging|Oxide
		{486AA224-F15C-48FF-842D-EE35C9036466}.Staging|Oxide.Build.0 = Staging|Oxide
		{4A746573-21C0-4083-8241-2E87F15D840E}.Release|Carbon.ActiveCfg = Release|Carbon
		{4A746573-21C0-4083-8241-2E87F15D840E}.Release|Carbon.Build.0 = Release|Carbon
		{4A746573-21C0-4083-8241-2E87F15D840E}.Release|Oxide.ActiveCfg = Release|Oxide
		{4A746573-21C0-4083-8241-2E87F15D840E}.Release|Oxide.Build.0 = Release|Oxide
		{4A746573-21C0-4083-8241-2E87F15D840E}.Staging|Carbon.ActiveCfg = Staging|Carbon
		{4A746573-21C0-4083-8241-2E87F15D840E}.Staging|Carbon.Build.0 = Staging|Carbon
		{4A746573-21C0-4083-8241-2E87F15D840E}.Staging|Oxide.ActiveCfg = Staging|Oxide
		{4A746573-21C0-4083-8241-2E87F15D840E}.Staging|Oxide.Build.0 = Staging|Oxide
	EndGlobalSection
	GlobalSection(SolutionProperties) = preSolution
		HideSolutionNode = FALSE
	EndGlobalSection
	GlobalSection(NestedProjects) = preSolution
		{E79FF7C9-89E1-431A-AFE0-3638CFECFC67} = {827E0CD3-B72D-47B6-A68D-7590B98EB39B}
		{72E1CBC3-36C5-4852-A0B2-20489C7474B2} = {827E0CD3-B72D-47B6-A68D-7590B98EB39B}
		{486AA224-F15C-48FF-842D-EE35C9036466} = {827E0CD3-B72D-47B6-A68D-7590B98EB39B}
		{4A746573-21C0-4083-8241-2E87F15D840E} = {0AB3BF05-4346-4AA6-1389-037BE0695223}
		{DB9773DD-3DF8-4035-A330-C91DF8F55287} = {0AB3BF05-4346-4AA6-1389-037BE0695223}
	EndGlobalSection
EndGlobal
