<Solution>
  <Configurations>
    <BuildType Name="Release" />
    <BuildType Name="Staging" />
    <Platform Name="Carbon" />
    <Platform Name="Oxide" />
  </Configurations>
  <Folder Name="/src/">
    <Project Path="src/HizenLabs.Shared/HizenLabs.Shared.csproj" />
    <Project Path="src/HizenLabs.CodeGen/HizenLabs.CodeGen.csproj" />
    <Project Path="src/HizenLabs.Bundler/HizenLabs.Bundler.csproj" />
  </Folder>
</Solution>
